{
  "name": "@neumatter/record",
  "version": "1.0.8",
  "lockfileVersion": 2,
  "requires": true,
  "packages": {
    "": {
      "name": "@neumatter/record",
      "version": "1.0.8",
      "dependencies": {
        "@neumatter/is": "^1.0.2",
        "neupack": "^1.0.3"
      }
    },
    "node_modules/@neumatter/is": {
      "version": "1.1.0",
      "resolved": "https://registry.npmjs.org/@neumatter/is/-/is-1.1.0.tgz",
      "integrity": "sha512-8hcbJKPV3s3B3D4gRVuw8FKUTzlKBike803yG4ShhEdroFXTmGm4EojJ6Wc6GU4XD7b3d68ltaSDihGen+ohVA=="
    },
    "node_modules/@neumatter/to-camel-case": {
      "version": "1.0.1",
      "resolved": "https://registry.npmjs.org/@neumatter/to-camel-case/-/to-camel-case-1.0.1.tgz",
      "integrity": "sha512-pgnfPY0kVOjU5etxB8wk3bVmRt7LDq8GSh2uOTPux1msRI1qhkuCucZk+pHkhktYyVe5wcEOZs0RebVluhOOQw==",
      "dependencies": {
        "@neumatter/is": "^1.0.0"
      }
    },
    "node_modules/neupack": {
      "version": "1.0.3",
      "resolved": "https://registry.npmjs.org/neupack/-/neupack-1.0.3.tgz",
      "integrity": "sha512-8xep9Vvk7l5ozC2rCpjFsDkaB5QwgQL6+qXnGMQb4D2fmS82Kta2VNl5rLKPglMmw8jLAUO/iiBma56vsL8kBw==",
      "dependencies": {
        "@neumatter/is": "^1.0.2",
        "@neumatter/to-camel-case": "^1.0.1"
      }
    }
  },
  "dependencies": {
    "@neumatter/is": {
      "version": "1.1.0",
      "resolved": "https://registry.npmjs.org/@neumatter/is/-/is-1.1.0.tgz",
      "integrity": "sha512-8hcbJKPV3s3B3D4gRVuw8FKUTzlKBike803yG4ShhEdroFXTmGm4EojJ6Wc6GU4XD7b3d68ltaSDihGen+ohVA=="
    },
    "@neumatter/to-camel-case": {
      "version": "1.0.1",
      "resolved": "https://registry.npmjs.org/@neumatter/to-camel-case/-/to-camel-case-1.0.1.tgz",
      "integrity": "sha512-pgnfPY0kVOjU5etxB8wk3bVmRt7LDq8GSh2uOTPux1msRI1qhkuCucZk+pHkhktYyVe5wcEOZs0RebVluhOOQw==",
      "requires": {
        "@neumatter/is": "^1.0.0"
      }
    },
    "neupack": {
      "version": "1.0.3",
      "resolved": "https://registry.npmjs.org/neupack/-/neupack-1.0.3.tgz",
      "integrity": "sha512-8xep9Vvk7l5ozC2rCpjFsDkaB5QwgQL6+qXnGMQb4D2fmS82Kta2VNl5rLKPglMmw8jLAUO/iiBma56vsL8kBw==",
      "requires": {
        "@neumatter/is": "^1.0.2",
        "@neumatter/to-camel-case": "^1.0.1"
      }
    }
  }
}
